<?xml version="1.0" encoding="UTF-8"?>
<CodeBlocks_project_file>
	<FileVersion major="1" minor="6"/>
	<Project>
		<Option title="Kepler"/>
		<Option makefile_is_custom="1"/>
		<Option compiler="gcc"/>
		<Option virtualFolders="CMake Files\;"/>
		<Build>
			<Target title="all">
				<Option working_dir="C:/Users/Alex/Documents/GitHub/Kepler"/>
				<Option type="4"/>
				<MakeCommands>
					<Build command="D:/MinGW/bin/mingw32-make.exe -f &quot;C:/Users/Alex/Documents/GitHub/Kepler/Makefile&quot;  VERBOSE=1 all"/>
					<CompileFile command="D:/MinGW/bin/mingw32-make.exe -f &quot;C:/Users/Alex/Documents/GitHub/Kepler/Makefile&quot;  VERBOSE=1 &quot;$file&quot;"/>
					<Clean command="D:/MinGW/bin/mingw32-make.exe -f &quot;C:/Users/Alex/Documents/GitHub/Kepler/Makefile&quot;  VERBOSE=1 clean"/>
					<DistClean command="D:/MinGW/bin/mingw32-make.exe -f &quot;C:/Users/Alex/Documents/GitHub/Kepler/Makefile&quot;  VERBOSE=1 clean"/>
				</MakeCommands>
			</Target>
			<Target title="Kepler">
				<Option output="C:/Users/Alex/Documents/GitHub/Kepler/Kepler.exe" prefix_auto="0" extension_auto="0"/>
				<Option working_dir="C:/Users/Alex/Documents/GitHub/Kepler"/>
				<Option object_output="./"/>
				<Option type="1"/>
				<Option compiler="gcc"/>
				<Compiler>
					<Add directory="C:/Users/Alex/Documents/GitHub/Kepler/src"/>
					<Add directory="C:/Users/Alex/Documents/GitHub/Kepler/src/lib/collections"/>
					<Add directory="C:/Users/Alex/Documents/GitHub/Kepler/src/lib/sqlite"/>
					<Add directory="d:\mingw\bin\../lib/gcc/mingw32/6.3.0/include"/>
					<Add directory="d:\mingw\bin\../lib/gcc/mingw32/6.3.0/../../../../include"/>
					<Add directory="d:\mingw\bin\../lib/gcc/mingw32/6.3.0/include-fixed"/>
					<Add directory="d:\mingw\bin\../lib/gcc/mingw32/6.3.0/../../../../mingw32/include"/>
				</Compiler>
				<MakeCommands>
					<Build command="D:/MinGW/bin/mingw32-make.exe -f &quot;C:/Users/Alex/Documents/GitHub/Kepler/Makefile&quot;  VERBOSE=1 Kepler"/>
					<CompileFile command="D:/MinGW/bin/mingw32-make.exe -f &quot;C:/Users/Alex/Documents/GitHub/Kepler/Makefile&quot;  VERBOSE=1 &quot;$file&quot;"/>
					<Clean command="D:/MinGW/bin/mingw32-make.exe -f &quot;C:/Users/Alex/Documents/GitHub/Kepler/Makefile&quot;  VERBOSE=1 clean"/>
					<DistClean command="D:/MinGW/bin/mingw32-make.exe -f &quot;C:/Users/Alex/Documents/GitHub/Kepler/Makefile&quot;  VERBOSE=1 clean"/>
				</MakeCommands>
			</Target>
			<Target title="Kepler/fast">
				<Option output="C:/Users/Alex/Documents/GitHub/Kepler/Kepler.exe" prefix_auto="0" extension_auto="0"/>
				<Option working_dir="C:/Users/Alex/Documents/GitHub/Kepler"/>
				<Option object_output="./"/>
				<Option type="1"/>
				<Option compiler="gcc"/>
				<Compiler>
					<Add directory="C:/Users/Alex/Documents/GitHub/Kepler/src"/>
					<Add directory="C:/Users/Alex/Documents/GitHub/Kepler/src/lib/collections"/>
					<Add directory="C:/Users/Alex/Documents/GitHub/Kepler/src/lib/sqlite"/>
					<Add directory="d:\mingw\bin\../lib/gcc/mingw32/6.3.0/include"/>
					<Add directory="d:\mingw\bin\../lib/gcc/mingw32/6.3.0/../../../../include"/>
					<Add directory="d:\mingw\bin\../lib/gcc/mingw32/6.3.0/include-fixed"/>
					<Add directory="d:\mingw\bin\../lib/gcc/mingw32/6.3.0/../../../../mingw32/include"/>
				</Compiler>
				<MakeCommands>
					<Build command="D:/MinGW/bin/mingw32-make.exe -f &quot;C:/Users/Alex/Documents/GitHub/Kepler/Makefile&quot;  VERBOSE=1 Kepler/fast"/>
					<CompileFile command="D:/MinGW/bin/mingw32-make.exe -f &quot;C:/Users/Alex/Documents/GitHub/Kepler/Makefile&quot;  VERBOSE=1 &quot;$file&quot;"/>
					<Clean command="D:/MinGW/bin/mingw32-make.exe -f &quot;C:/Users/Alex/Documents/GitHub/Kepler/Makefile&quot;  VERBOSE=1 clean"/>
					<DistClean command="D:/MinGW/bin/mingw32-make.exe -f &quot;C:/Users/Alex/Documents/GitHub/Kepler/Makefile&quot;  VERBOSE=1 clean"/>
				</MakeCommands>
			</Target>
			<Target title="edit_cache">
				<Option working_dir="C:/Users/Alex/Documents/GitHub/Kepler"/>
				<Option type="4"/>
				<MakeCommands>
					<Build command="D:/MinGW/bin/mingw32-make.exe -f &quot;C:/Users/Alex/Documents/GitHub/Kepler/Makefile&quot;  VERBOSE=1 edit_cache"/>
					<CompileFile command="D:/MinGW/bin/mingw32-make.exe -f &quot;C:/Users/Alex/Documents/GitHub/Kepler/Makefile&quot;  VERBOSE=1 &quot;$file&quot;"/>
					<Clean command="D:/MinGW/bin/mingw32-make.exe -f &quot;C:/Users/Alex/Documents/GitHub/Kepler/Makefile&quot;  VERBOSE=1 clean"/>
					<DistClean command="D:/MinGW/bin/mingw32-make.exe -f &quot;C:/Users/Alex/Documents/GitHub/Kepler/Makefile&quot;  VERBOSE=1 clean"/>
				</MakeCommands>
			</Target>
			<Target title="rebuild_cache">
				<Option working_dir="C:/Users/Alex/Documents/GitHub/Kepler"/>
				<Option type="4"/>
				<MakeCommands>
					<Build command="D:/MinGW/bin/mingw32-make.exe -f &quot;C:/Users/Alex/Documents/GitHub/Kepler/Makefile&quot;  VERBOSE=1 rebuild_cache"/>
					<CompileFile command="D:/MinGW/bin/mingw32-make.exe -f &quot;C:/Users/Alex/Documents/GitHub/Kepler/Makefile&quot;  VERBOSE=1 &quot;$file&quot;"/>
					<Clean command="D:/MinGW/bin/mingw32-make.exe -f &quot;C:/Users/Alex/Documents/GitHub/Kepler/Makefile&quot;  VERBOSE=1 clean"/>
					<DistClean command="D:/MinGW/bin/mingw32-make.exe -f &quot;C:/Users/Alex/Documents/GitHub/Kepler/Makefile&quot;  VERBOSE=1 clean"/>
				</MakeCommands>
			</Target>
		</Build>
		<Unit filename="C:/Users/Alex/Documents/GitHub/Kepler/src/communication/message_handler.c">
			<Option target="Kepler"/>
		</Unit>
		<Unit filename="C:/Users/Alex/Documents/GitHub/Kepler/src/communication/message_handler.h">
			<Option target="Kepler"/>
		</Unit>
		<Unit filename="C:/Users/Alex/Documents/GitHub/Kepler/src/communication/messages/incoming_message.c">
			<Option target="Kepler"/>
		</Unit>
		<Unit filename="C:/Users/Alex/Documents/GitHub/Kepler/src/communication/messages/incoming_message.h">
			<Option target="Kepler"/>
		</Unit>
		<Unit filename="C:/Users/Alex/Documents/GitHub/Kepler/src/communication/messages/outgoing_message.c">
			<Option target="Kepler"/>
		</Unit>
		<Unit filename="C:/Users/Alex/Documents/GitHub/Kepler/src/communication/messages/outgoing_message.h">
			<Option target="Kepler"/>
		</Unit>
		<Unit filename="C:/Users/Alex/Documents/GitHub/Kepler/src/database/db_connection.c">
			<Option target="Kepler"/>
		</Unit>
		<Unit filename="C:/Users/Alex/Documents/GitHub/Kepler/src/database/db_connection.h">
			<Option target="Kepler"/>
		</Unit>
		<Unit filename="C:/Users/Alex/Documents/GitHub/Kepler/src/database/queries/player_query.c">
			<Option target="Kepler"/>
		</Unit>
		<Unit filename="C:/Users/Alex/Documents/GitHub/Kepler/src/database/queries/player_query.h">
			<Option target="Kepler"/>
		</Unit>
		<Unit filename="C:/Users/Alex/Documents/GitHub/Kepler/src/database/queries/room_query.c">
			<Option target="Kepler"/>
		</Unit>
		<Unit filename="C:/Users/Alex/Documents/GitHub/Kepler/src/database/queries/room_query.h">
			<Option target="Kepler"/>
		</Unit>
		<Unit filename="C:/Users/Alex/Documents/GitHub/Kepler/src/game/navigator/navigator_category_manager.c">
			<Option target="Kepler"/>
		</Unit>
		<Unit filename="C:/Users/Alex/Documents/GitHub/Kepler/src/game/navigator/navigator_category_manager.h">
			<Option target="Kepler"/>
		</Unit>
		<Unit filename="C:/Users/Alex/Documents/GitHub/Kepler/src/game/player/player.c">
			<Option target="Kepler"/>
		</Unit>
		<Unit filename="C:/Users/Alex/Documents/GitHub/Kepler/src/game/player/player.h">
			<Option target="Kepler"/>
		</Unit>
		<Unit filename="C:/Users/Alex/Documents/GitHub/Kepler/src/game/player/player_manager.c">
			<Option target="Kepler"/>
		</Unit>
		<Unit filename="C:/Users/Alex/Documents/GitHub/Kepler/src/game/player/player_manager.h">
			<Option target="Kepler"/>
		</Unit>
		<Unit filename="C:/Users/Alex/Documents/GitHub/Kepler/src/game/room/room.c">
			<Option target="Kepler"/>
		</Unit>
		<Unit filename="C:/Users/Alex/Documents/GitHub/Kepler/src/game/room/room.h">
			<Option target="Kepler"/>
		</Unit>
		<Unit filename="C:/Users/Alex/Documents/GitHub/Kepler/src/game/room/room_manager.c">
			<Option target="Kepler"/>
		</Unit>
		<Unit filename="C:/Users/Alex/Documents/GitHub/Kepler/src/game/room/room_manager.h">
			<Option target="Kepler"/>
		</Unit>
		<Unit filename="C:/Users/Alex/Documents/GitHub/Kepler/src/game/room/room_model.c">
			<Option target="Kepler"/>
		</Unit>
		<Unit filename="C:/Users/Alex/Documents/GitHub/Kepler/src/game/room/room_model.h">
			<Option target="Kepler"/>
		</Unit>
		<Unit filename="C:/Users/Alex/Documents/GitHub/Kepler/src/game/room/room_model_manager.c">
			<Option target="Kepler"/>
		</Unit>
		<Unit filename="C:/Users/Alex/Documents/GitHub/Kepler/src/game/room/room_model_manager.h">
			<Option target="Kepler"/>
		</Unit>
		<Unit filename="C:/Users/Alex/Documents/GitHub/Kepler/src/game/room/room_user.c">
			<Option target="Kepler"/>
		</Unit>
		<Unit filename="C:/Users/Alex/Documents/GitHub/Kepler/src/game/room/room_user.h">
			<Option target="Kepler"/>
		</Unit>
		<Unit filename="C:/Users/Alex/Documents/GitHub/Kepler/src/lib/collections/array.c">
			<Option target="Kepler"/>
		</Unit>
		<Unit filename="C:/Users/Alex/Documents/GitHub/Kepler/src/lib/collections/array.h">
			<Option target="Kepler"/>
		</Unit>
		<Unit filename="C:/Users/Alex/Documents/GitHub/Kepler/src/lib/collections/common.c">
			<Option target="Kepler"/>
		</Unit>
		<Unit filename="C:/Users/Alex/Documents/GitHub/Kepler/src/lib/collections/common.h">
			<Option target="Kepler"/>
		</Unit>
		<Unit filename="C:/Users/Alex/Documents/GitHub/Kepler/src/lib/collections/deque.c">
			<Option target="Kepler"/>
		</Unit>
		<Unit filename="C:/Users/Alex/Documents/GitHub/Kepler/src/lib/collections/deque.h">
			<Option target="Kepler"/>
		</Unit>
		<Unit filename="C:/Users/Alex/Documents/GitHub/Kepler/src/lib/collections/hashset.c">
			<Option target="Kepler"/>
		</Unit>
		<Unit filename="C:/Users/Alex/Documents/GitHub/Kepler/src/lib/collections/hashset.h">
			<Option target="Kepler"/>
		</Unit>
		<Unit filename="C:/Users/Alex/Documents/GitHub/Kepler/src/lib/collections/hashtable.c">
			<Option target="Kepler"/>
		</Unit>
		<Unit filename="C:/Users/Alex/Documents/GitHub/Kepler/src/lib/collections/hashtable.h">
			<Option target="Kepler"/>
		</Unit>
		<Unit filename="C:/Users/Alex/Documents/GitHub/Kepler/src/lib/collections/list.c">
			<Option target="Kepler"/>
		</Unit>
		<Unit filename="C:/Users/Alex/Documents/GitHub/Kepler/src/lib/collections/list.h">
			<Option target="Kepler"/>
		</Unit>
		<Unit filename="C:/Users/Alex/Documents/GitHub/Kepler/src/lib/collections/pqueue.c">
			<Option target="Kepler"/>
		</Unit>
		<Unit filename="C:/Users/Alex/Documents/GitHub/Kepler/src/lib/collections/pqueue.h">
			<Option target="Kepler"/>
		</Unit>
		<Unit filename="C:/Users/Alex/Documents/GitHub/Kepler/src/lib/collections/queue.c">
			<Option target="Kepler"/>
		</Unit>
		<Unit filename="C:/Users/Alex/Documents/GitHub/Kepler/src/lib/collections/queue.h">
			<Option target="Kepler"/>
		</Unit>
		<Unit filename="C:/Users/Alex/Documents/GitHub/Kepler/src/lib/collections/slist.c">
			<Option target="Kepler"/>
		</Unit>
		<Unit filename="C:/Users/Alex/Documents/GitHub/Kepler/src/lib/collections/slist.h">
			<Option target="Kepler"/>
		</Unit>
		<Unit filename="C:/Users/Alex/Documents/GitHub/Kepler/src/lib/collections/stack.c">
			<Option target="Kepler"/>
		</Unit>
		<Unit filename="C:/Users/Alex/Documents/GitHub/Kepler/src/lib/collections/stack.h">
			<Option target="Kepler"/>
		</Unit>
		<Unit filename="C:/Users/Alex/Documents/GitHub/Kepler/src/lib/collections/treeset.c">
			<Option target="Kepler"/>
		</Unit>
		<Unit filename="C:/Users/Alex/Documents/GitHub/Kepler/src/lib/collections/treeset.h">
			<Option target="Kepler"/>
		</Unit>
		<Unit filename="C:/Users/Alex/Documents/GitHub/Kepler/src/lib/collections/treetable.c">
			<Option target="Kepler"/>
		</Unit>
		<Unit filename="C:/Users/Alex/Documents/GitHub/Kepler/src/lib/collections/treetable.h">
			<Option target="Kepler"/>
		</Unit>
		<Unit filename="C:/Users/Alex/Documents/GitHub/Kepler/src/main.c">
			<Option target="Kepler"/>
		</Unit>
		<Unit filename="C:/Users/Alex/Documents/GitHub/Kepler/src/server/server_listener.c">
			<Option target="Kepler"/>
		</Unit>
		<Unit filename="C:/Users/Alex/Documents/GitHub/Kepler/src/server/server_listener.h">
			<Option target="Kepler"/>
		</Unit>
		<Unit filename="C:/Users/Alex/Documents/GitHub/Kepler/src/shared.c">
			<Option target="Kepler"/>
		</Unit>
		<Unit filename="C:/Users/Alex/Documents/GitHub/Kepler/src/shared.h">
			<Option target="Kepler"/>
		</Unit>
		<Unit filename="C:/Users/Alex/Documents/GitHub/Kepler/src/util/encoding/base64encoding.c">
			<Option target="Kepler"/>
		</Unit>
		<Unit filename="C:/Users/Alex/Documents/GitHub/Kepler/src/util/encoding/base64encoding.h">
			<Option target="Kepler"/>
		</Unit>
		<Unit filename="C:/Users/Alex/Documents/GitHub/Kepler/src/util/encoding/vl64encoding.c">
			<Option target="Kepler"/>
		</Unit>
		<Unit filename="C:/Users/Alex/Documents/GitHub/Kepler/src/util/encoding/vl64encoding.h">
			<Option target="Kepler"/>
		</Unit>
		<Unit filename="C:/Users/Alex/Documents/GitHub/Kepler/src/util/stringbuilder.c">
			<Option target="Kepler"/>
		</Unit>
		<Unit filename="C:/Users/Alex/Documents/GitHub/Kepler/src/util/stringbuilder.h">
			<Option target="Kepler"/>
		</Unit>
		<Unit filename="C:/Users/Alex/Documents/GitHub/Kepler/src/util/threading.c">
			<Option target="Kepler"/>
		</Unit>
		<Unit filename="C:/Users/Alex/Documents/GitHub/Kepler/src/util/threading.h">
			<Option target="Kepler"/>
		</Unit>
		<Unit filename="C:/Users/Alex/Documents/GitHub/Kepler/CMakeLists.txt">
			<Option virtualFolder="CMake Files\"/>
		</Unit>
	</Project>
</CodeBlocks_project_file>
